PODS:
  - BothamNetworking (0.0.1):
    - Result
  - CryptoSwift (0.2.2)
  - Nimble (3.0.0)
  - Nocilla (0.10.0)
  - Result (1.0.1)
  - SwiftyJSON (2.3.2)

DEPENDENCIES:
  - BothamNetworking (from `git@github.com:Karumi/BothamNetworking.git`)
  - CryptoSwift
  - Nimble
  - Nocilla
  - SwiftyJSON

EXTERNAL SOURCES:
  BothamNetworking:
    :git: git@github.com:Karumi/BothamNetworking.git

CHECKOUT OPTIONS:
  BothamNetworking:
    :commit: 8805e4ab17dd05abb98b0baf66aa79cc8a0abb32
    :git: git@github.com:Karumi/BothamNetworking.git

SPEC CHECKSUMS:
  BothamNetworking: 590e6c0d6839c0c209f02cd7e719b39498819b08
  CryptoSwift: d382228d6301c09474132417878a741c2a2e68cd
  Nimble: 4c353d43735b38b545cbb4cb91504588eb5de926
  Nocilla: ae0a2b05f3087b473624ac2b25903695df51246a
  Result: caef80340451e1f07492fa1e89117f83613bce24
  SwiftyJSON: 04ccea08915aa0109039157c7974cf0298da292a

COCOAPODS: 0.39.0
