PODS:
  - BothamNetworking (4.0.2):
    - Result (= 4.1.0)
  - CryptoSwift (1.0.0)
  - Nimble (8.0.1)
  - Nocilla (0.11.0)
  - Result (4.1.0)

DEPENDENCIES:
  - BothamNetworking (from `https://github.com/Karumi/BothamNetworking`, branch `master`)
  - CryptoSwift
  - Nimble
  - Nocilla

SPEC REPOS:
  https://github.com/cocoapods/specs.git:
    - CryptoSwift
    - Nimble
    - Nocilla
    - Result

EXTERNAL SOURCES:
  BothamNetworking:
    :branch: master
    :git: https://github.com/Karumi/BothamNetworking

CHECKOUT OPTIONS:
  BothamNetworking:
    :commit: 2ee4322ca5607f8950a4bcf599fdbfa53718117f
    :git: https://github.com/Karumi/BothamNetworking

SPEC CHECKSUMS:
  BothamNetworking: cd68e7b250959a795f1362294baf3a651e9eceae
  CryptoSwift: d81eeaa59dc5a8d03720fe919a6fd07b51f7439f
  Nimble: 45f786ae66faa9a709624227fae502db55a8bdd0
  Nocilla: 7af7a386071150cc8aa5da4da97d060f049dd61c
  Result: bd966fac789cc6c1563440b348ab2598cc24d5c7

PODFILE CHECKSUM: 909a3dd0271e577e0988d9ce889951d34f98ea08

COCOAPODS: 1.6.1
