// !$*UTF8*$!
{
	archiveVersion = 1;
	classes = {
	};
	objectVersion = 46;
	objects = {

/* Begin PBXBuildFile section */
		6BBA77FA3B7561792D22F7A6 /* Pods_MarvelAPIClientTests.framework in Frameworks */ = {isa = PBXBuildFile; fileRef = 9776E54634DB16570497ABC3 /* Pods_MarvelAPIClientTests.framework */; };
		D7FD9DE320847476E11FCFB5 /* Pods_MarvelAPIClient.framework in Frameworks */ = {isa = PBXBuildFile; fileRef = 77E1DF174667DB8843E0A89E /* Pods_MarvelAPIClient.framework */; };
		EB29E00D1BF9CD0300170355 /* Parser.swift in Sources */ = {isa = PBXBuildFile; fileRef = EB29E00C1BF9CD0300170355 /* Parser.swift */; };
		EB29E0101BF9CE3000170355 /* GetCharactersDTO.swift in Sources */ = {isa = PBXBuildFile; fileRef = EB29E00F1BF9CE3000170355 /* GetCharactersDTO.swift */; };
		EB29E0121BF9CE4F00170355 /* CharactersParser.swift in Sources */ = {isa = PBXBuildFile; fileRef = EB29E0111BF9CE4F00170355 /* CharactersParser.swift */; };
		EB29E0161BF9DCAF00170355 /* ThumbnailDTO.swift in Sources */ = {isa = PBXBuildFile; fileRef = EB29E0151BF9DCAF00170355 /* ThumbnailDTO.swift */; };
		EB29E0181BF9DD6700170355 /* ComicDTO.swift in Sources */ = {isa = PBXBuildFile; fileRef = EB29E0171BF9DD6700170355 /* ComicDTO.swift */; };
		EB29E01A1BF9DE8C00170355 /* SerieDTO.swift in Sources */ = {isa = PBXBuildFile; fileRef = EB29E0191BF9DE8C00170355 /* SerieDTO.swift */; };
		EB29E01D1BF9DEDE00170355 /* StoryDTO.swift in Sources */ = {isa = PBXBuildFile; fileRef = EB29E01C1BF9DEDE00170355 /* StoryDTO.swift */; };
		EB29E0201BF9EA7A00170355 /* EventDTO.swift in Sources */ = {isa = PBXBuildFile; fileRef = EB29E01F1BF9EA7A00170355 /* EventDTO.swift */; };
		EB29E0221BF9EC1800170355 /* MarvelAPIParams.swift in Sources */ = {isa = PBXBuildFile; fileRef = EB29E0211BF9EC1800170355 /* MarvelAPIParams.swift */; };
		EB39731D1C3ACBA300AF37CD /* DefaultHeadersRequestInterceptor.swift in Sources */ = {isa = PBXBuildFile; fileRef = EB39731C1C3ACBA300AF37CD /* DefaultHeadersRequestInterceptor.swift */; };
		EB39731F1C3ACBF400AF37CD /* MarvelAPIAuthentication.swift in Sources */ = {isa = PBXBuildFile; fileRef = EB39731E1C3ACBF400AF37CD /* MarvelAPIAuthentication.swift */; };
		EB49E0C51BF7ED4B00C53347 /* MarvelAPIClientConfig.swift in Sources */ = {isa = PBXBuildFile; fileRef = EB49E0C41BF7ED4B00C53347 /* MarvelAPIClientConfig.swift */; };
		EB5123871C3E927E001EC70B /* getAllSeries.json in Resources */ = {isa = PBXBuildFile; fileRef = EBD0EEFC1C3E8CD500609A25 /* getAllSeries.json */; };
		EB5123931C3E96F2001EC70B /* GetComicsDTO.swift in Sources */ = {isa = PBXBuildFile; fileRef = EB5123921C3E96F2001EC70B /* GetComicsDTO.swift */; };
		EB5123951C3E9770001EC70B /* ComicDetailDTO.swift in Sources */ = {isa = PBXBuildFile; fileRef = EB5123941C3E9770001EC70B /* ComicDetailDTO.swift */; };
		EB52A0C91BF4EBBA00AE003E /* MarvelAPIClient.h in Headers */ = {isa = PBXBuildFile; fileRef = EB52A0C81BF4EBBA00AE003E /* MarvelAPIClient.h */; settings = {ATTRIBUTES = (Public, ); }; };
		EB52A0D01BF4EBBA00AE003E /* MarvelAPIClient.framework in Frameworks */ = {isa = PBXBuildFile; fileRef = EB52A0C51BF4EBBA00AE003E /* MarvelAPIClient.framework */; };
		EBAEB4BF1BFA16CF00547FC1 /* getAllCharacters.json in Resources */ = {isa = PBXBuildFile; fileRef = EBAEB4BE1BFA16CF00547FC1 /* getAllCharacters.json */; };
		EBAFE1CF1BF7812000591AEA /* CharactersAPIClient.swift in Sources */ = {isa = PBXBuildFile; fileRef = EBAFE1CE1BF7812000591AEA /* CharactersAPIClient.swift */; };
		EBAFE1D11BF7813600591AEA /* MarvelAPIClient.swift in Sources */ = {isa = PBXBuildFile; fileRef = EBAFE1D01BF7813600591AEA /* MarvelAPIClient.swift */; };
		EBAFE1D31BF782A600591AEA /* CharacterDTO.swift in Sources */ = {isa = PBXBuildFile; fileRef = EBAFE1D21BF782A600591AEA /* CharacterDTO.swift */; };
		EBAFE1D61BF783FD00591AEA /* CharactersAPIClientTests.swift in Sources */ = {isa = PBXBuildFile; fileRef = EBAFE1D51BF783FD00591AEA /* CharactersAPIClientTests.swift */; };
		EBAFE1E81BF79D9400591AEA /* MarvelHashGenerator.swift in Sources */ = {isa = PBXBuildFile; fileRef = EBAFE1E71BF79D9400591AEA /* MarvelHashGenerator.swift */; };
		EBAFE1EB1BF79E8E00591AEA /* MarvelHashGeneratorTests.swift in Sources */ = {isa = PBXBuildFile; fileRef = EBAFE1EA1BF79E8E00591AEA /* MarvelHashGeneratorTests.swift */; };
		EBAFE1F71BF7BAD400591AEA /* TimeProvider.swift in Sources */ = {isa = PBXBuildFile; fileRef = EBAFE1F61BF7BAD400591AEA /* TimeProvider.swift */; };
		EBAFE1FA1BF7BC6000591AEA /* MockTimeProvider.swift in Sources */ = {isa = PBXBuildFile; fileRef = EBAFE1F91BF7BC6000591AEA /* MockTimeProvider.swift */; };
		EBAFE1FD1BF7C26F00591AEA /* FutureMatchers.swift in Sources */ = {isa = PBXBuildFile; fileRef = EBAFE1FC1BF7C26F00591AEA /* FutureMatchers.swift */; };
		EBAFE1FF1BF7C30000591AEA /* NocillaTestCase.swift in Sources */ = {isa = PBXBuildFile; fileRef = EBAFE1FE1BF7C30000591AEA /* NocillaTestCase.swift */; };
		EBB480FA1C3BCFD40087CC62 /* ResultType.swift in Sources */ = {isa = PBXBuildFile; fileRef = EBB480F91C3BCFD40087CC62 /* ResultType.swift */; };
		EBC2F5591C3C08AE007E53D1 /* ResultTypeTests.swift in Sources */ = {isa = PBXBuildFile; fileRef = EBC2F5571C3C06E7007E53D1 /* ResultTypeTests.swift */; };
		EBC31B251C3C2BAC00E00E38 /* Dictionary.swift in Sources */ = {isa = PBXBuildFile; fileRef = EBC31B241C3C2BAC00E00E38 /* Dictionary.swift */; };
		EBC31B291C3C2BF800E00E38 /* DefaultHeadersRequestInterceptorTests.swift in Sources */ = {isa = PBXBuildFile; fileRef = EBC31B271C3C2BED00E00E38 /* DefaultHeadersRequestInterceptorTests.swift */; };
		EBD0EEF01C3E7F9300609A25 /* ThumbnailDTOTests.swift in Sources */ = {isa = PBXBuildFile; fileRef = EBD0EEEE1C3E7E8900609A25 /* ThumbnailDTOTests.swift */; };
		EBD0EEF31C3E844100609A25 /* SeriesAPIClient.swift in Sources */ = {isa = PBXBuildFile; fileRef = EBD0EEF21C3E844100609A25 /* SeriesAPIClient.swift */; };
		EBD0EEF71C3E866700609A25 /* GetSeriesDTO.swift in Sources */ = {isa = PBXBuildFile; fileRef = EBD0EEF61C3E866700609A25 /* GetSeriesDTO.swift */; };
		EBD0EEF91C3E868600609A25 /* SeriesDTO.swift in Sources */ = {isa = PBXBuildFile; fileRef = EBD0EEF81C3E868600609A25 /* SeriesDTO.swift */; };
		EBD0EEFB1C3E869900609A25 /* SeriesParser.swift in Sources */ = {isa = PBXBuildFile; fileRef = EBD0EEFA1C3E869900609A25 /* SeriesParser.swift */; };
		EBD0EF031C3E8E2000609A25 /* MarvelAPIClientTests.swift in Sources */ = {isa = PBXBuildFile; fileRef = EBD0EF011C3E8DB500609A25 /* MarvelAPIClientTests.swift */; };
		EBD0EF041C3E8E5700609A25 /* SeriesAPIClientTests.swift in Sources */ = {isa = PBXBuildFile; fileRef = EBD0EEFF1C3E8D8E00609A25 /* SeriesAPIClientTests.swift */; };
		EBE2C3B41C3E9A970096A24C /* getComicsBySeriesId.json in Resources */ = {isa = PBXBuildFile; fileRef = EBE2C3B31C3E9A970096A24C /* getComicsBySeriesId.json */; };
		EBE9B35D1BFA38AA00A63A90 /* getCharacterById.json in Resources */ = {isa = PBXBuildFile; fileRef = EBE9B35C1BFA38AA00A63A90 /* getCharacterById.json */; };
/* End PBXBuildFile section */

/* Begin PBXContainerItemProxy section */
		EB52A0D11BF4EBBA00AE003E /* PBXContainerItemProxy */ = {
			isa = PBXContainerItemProxy;
			containerPortal = EB52A0BC1BF4EBBA00AE003E /* Project object */;
			proxyType = 1;
			remoteGlobalIDString = EB52A0C41BF4EBBA00AE003E;
			remoteInfo = MarvelApiClient;
		};
/* End PBXContainerItemProxy section */

/* Begin PBXFileReference section */
		075E19274028A2BC428E6EF2 /* Pods-MarvelAPIClient.release.xcconfig */ = {isa = PBXFileReference; includeInIndex = 1; lastKnownFileType = text.xcconfig; name = "Pods-MarvelAPIClient.release.xcconfig"; path = "Pods/Target Support Files/Pods-MarvelAPIClient/Pods-MarvelAPIClient.release.xcconfig"; sourceTree = "<group>"; };
		77E1DF174667DB8843E0A89E /* Pods_MarvelAPIClient.framework */ = {isa = PBXFileReference; explicitFileType = wrapper.framework; includeInIndex = 0; path = Pods_MarvelAPIClient.framework; sourceTree = BUILT_PRODUCTS_DIR; };
		839C61991965AEDBE3B61885 /* Pods-MarvelAPIClient.debug.xcconfig */ = {isa = PBXFileReference; includeInIndex = 1; lastKnownFileType = text.xcconfig; name = "Pods-MarvelAPIClient.debug.xcconfig"; path = "Pods/Target Support Files/Pods-MarvelAPIClient/Pods-MarvelAPIClient.debug.xcconfig"; sourceTree = "<group>"; };
		9776E54634DB16570497ABC3 /* Pods_MarvelAPIClientTests.framework */ = {isa = PBXFileReference; explicitFileType = wrapper.framework; includeInIndex = 0; path = Pods_MarvelAPIClientTests.framework; sourceTree = BUILT_PRODUCTS_DIR; };
		9E69741FA12CB9150140349E /* Pods-MarvelAPIClientTests.release.xcconfig */ = {isa = PBXFileReference; includeInIndex = 1; lastKnownFileType = text.xcconfig; name = "Pods-MarvelAPIClientTests.release.xcconfig"; path = "Pods/Target Support Files/Pods-MarvelAPIClientTests/Pods-MarvelAPIClientTests.release.xcconfig"; sourceTree = "<group>"; };
		A8A15C6DFC4ADE047B53F274 /* Pods-MarvelAPIClientTests.debug.xcconfig */ = {isa = PBXFileReference; includeInIndex = 1; lastKnownFileType = text.xcconfig; name = "Pods-MarvelAPIClientTests.debug.xcconfig"; path = "Pods/Target Support Files/Pods-MarvelAPIClientTests/Pods-MarvelAPIClientTests.debug.xcconfig"; sourceTree = "<group>"; };
		B1912EE03B21457D3F69B1FF /* Pods.framework */ = {isa = PBXFileReference; explicitFileType = wrapper.framework; includeInIndex = 0; path = Pods.framework; sourceTree = BUILT_PRODUCTS_DIR; };
		EB29E00C1BF9CD0300170355 /* Parser.swift */ = {isa = PBXFileReference; fileEncoding = 4; lastKnownFileType = sourcecode.swift; path = Parser.swift; sourceTree = "<group>"; };
		EB29E00F1BF9CE3000170355 /* GetCharactersDTO.swift */ = {isa = PBXFileReference; fileEncoding = 4; lastKnownFileType = sourcecode.swift; path = GetCharactersDTO.swift; sourceTree = "<group>"; };
		EB29E0111BF9CE4F00170355 /* CharactersParser.swift */ = {isa = PBXFileReference; fileEncoding = 4; lastKnownFileType = sourcecode.swift; path = CharactersParser.swift; sourceTree = "<group>"; };
		EB29E0151BF9DCAF00170355 /* ThumbnailDTO.swift */ = {isa = PBXFileReference; fileEncoding = 4; lastKnownFileType = sourcecode.swift; path = ThumbnailDTO.swift; sourceTree = "<group>"; };
		EB29E0171BF9DD6700170355 /* ComicDTO.swift */ = {isa = PBXFileReference; fileEncoding = 4; lastKnownFileType = sourcecode.swift; path = ComicDTO.swift; sourceTree = "<group>"; };
		EB29E0191BF9DE8C00170355 /* SerieDTO.swift */ = {isa = PBXFileReference; fileEncoding = 4; lastKnownFileType = sourcecode.swift; path = SerieDTO.swift; sourceTree = "<group>"; };
		EB29E01C1BF9DEDE00170355 /* StoryDTO.swift */ = {isa = PBXFileReference; fileEncoding = 4; lastKnownFileType = sourcecode.swift; path = StoryDTO.swift; sourceTree = "<group>"; };
		EB29E01F1BF9EA7A00170355 /* EventDTO.swift */ = {isa = PBXFileReference; fileEncoding = 4; lastKnownFileType = sourcecode.swift; path = EventDTO.swift; sourceTree = "<group>"; };
		EB29E0211BF9EC1800170355 /* MarvelAPIParams.swift */ = {isa = PBXFileReference; fileEncoding = 4; lastKnownFileType = sourcecode.swift; path = MarvelAPIParams.swift; sourceTree = "<group>"; };
		EB39731C1C3ACBA300AF37CD /* DefaultHeadersRequestInterceptor.swift */ = {isa = PBXFileReference; fileEncoding = 4; lastKnownFileType = sourcecode.swift; path = DefaultHeadersRequestInterceptor.swift; sourceTree = "<group>"; };
		EB39731E1C3ACBF400AF37CD /* MarvelAPIAuthentication.swift */ = {isa = PBXFileReference; fileEncoding = 4; lastKnownFileType = sourcecode.swift; path = MarvelAPIAuthentication.swift; sourceTree = "<group>"; };
		EB49E0C41BF7ED4B00C53347 /* MarvelAPIClientConfig.swift */ = {isa = PBXFileReference; fileEncoding = 4; lastKnownFileType = sourcecode.swift; path = MarvelAPIClientConfig.swift; sourceTree = "<group>"; };
		EB5123921C3E96F2001EC70B /* GetComicsDTO.swift */ = {isa = PBXFileReference; fileEncoding = 4; lastKnownFileType = sourcecode.swift; path = GetComicsDTO.swift; sourceTree = "<group>"; };
		EB5123941C3E9770001EC70B /* ComicDetailDTO.swift */ = {isa = PBXFileReference; fileEncoding = 4; lastKnownFileType = sourcecode.swift; path = ComicDetailDTO.swift; sourceTree = "<group>"; };
		EB52A0C51BF4EBBA00AE003E /* MarvelAPIClient.framework */ = {isa = PBXFileReference; explicitFileType = wrapper.framework; includeInIndex = 0; path = MarvelAPIClient.framework; sourceTree = BUILT_PRODUCTS_DIR; };
		EB52A0C81BF4EBBA00AE003E /* MarvelAPIClient.h */ = {isa = PBXFileReference; lastKnownFileType = sourcecode.c.h; path = MarvelAPIClient.h; sourceTree = "<group>"; };
		EB52A0CA1BF4EBBA00AE003E /* Info.plist */ = {isa = PBXFileReference; lastKnownFileType = text.plist.xml; path = Info.plist; sourceTree = "<group>"; };
		EB52A0CF1BF4EBBA00AE003E /* MarvelAPIClient.temp_caseinsensitive_renameTests.xctest */ = {isa = PBXFileReference; explicitFileType = wrapper.cfbundle; includeInIndex = 0; path = MarvelAPIClient.temp_caseinsensitive_renameTests.xctest; sourceTree = BUILT_PRODUCTS_DIR; };
		EB52A0D61BF4EBBA00AE003E /* Info.plist */ = {isa = PBXFileReference; lastKnownFileType = text.plist.xml; path = Info.plist; sourceTree = "<group>"; };
		EBAEB4BE1BFA16CF00547FC1 /* getAllCharacters.json */ = {isa = PBXFileReference; fileEncoding = 4; lastKnownFileType = text.json; path = getAllCharacters.json; sourceTree = "<group>"; };
		EBAFE1CE1BF7812000591AEA /* CharactersAPIClient.swift */ = {isa = PBXFileReference; fileEncoding = 4; lastKnownFileType = sourcecode.swift; path = CharactersAPIClient.swift; sourceTree = "<group>"; };
		EBAFE1D01BF7813600591AEA /* MarvelAPIClient.swift */ = {isa = PBXFileReference; fileEncoding = 4; lastKnownFileType = sourcecode.swift; path = MarvelAPIClient.swift; sourceTree = "<group>"; };
		EBAFE1D21BF782A600591AEA /* CharacterDTO.swift */ = {isa = PBXFileReference; fileEncoding = 4; lastKnownFileType = sourcecode.swift; path = CharacterDTO.swift; sourceTree = "<group>"; };
		EBAFE1D51BF783FD00591AEA /* CharactersAPIClientTests.swift */ = {isa = PBXFileReference; fileEncoding = 4; lastKnownFileType = sourcecode.swift; path = CharactersAPIClientTests.swift; sourceTree = "<group>"; };
		EBAFE1E71BF79D9400591AEA /* MarvelHashGenerator.swift */ = {isa = PBXFileReference; fileEncoding = 4; lastKnownFileType = sourcecode.swift; path = MarvelHashGenerator.swift; sourceTree = "<group>"; };
		EBAFE1EA1BF79E8E00591AEA /* MarvelHashGeneratorTests.swift */ = {isa = PBXFileReference; fileEncoding = 4; lastKnownFileType = sourcecode.swift; path = MarvelHashGeneratorTests.swift; sourceTree = "<group>"; };
		EBAFE1F61BF7BAD400591AEA /* TimeProvider.swift */ = {isa = PBXFileReference; fileEncoding = 4; lastKnownFileType = sourcecode.swift; path = TimeProvider.swift; sourceTree = "<group>"; };
		EBAFE1F91BF7BC6000591AEA /* MockTimeProvider.swift */ = {isa = PBXFileReference; fileEncoding = 4; lastKnownFileType = sourcecode.swift; path = MockTimeProvider.swift; sourceTree = "<group>"; };
		EBAFE1FC1BF7C26F00591AEA /* FutureMatchers.swift */ = {isa = PBXFileReference; fileEncoding = 4; lastKnownFileType = sourcecode.swift; path = FutureMatchers.swift; sourceTree = "<group>"; };
		EBAFE1FE1BF7C30000591AEA /* NocillaTestCase.swift */ = {isa = PBXFileReference; fileEncoding = 4; lastKnownFileType = sourcecode.swift; path = NocillaTestCase.swift; sourceTree = "<group>"; };
		EBB480F91C3BCFD40087CC62 /* ResultType.swift */ = {isa = PBXFileReference; fileEncoding = 4; lastKnownFileType = sourcecode.swift; path = ResultType.swift; sourceTree = "<group>"; };
		EBC2F5551C3BDCFC007E53D1 /* MarvelAPIClientPlayground.playground */ = {isa = PBXFileReference; lastKnownFileType = file.playground; path = MarvelAPIClientPlayground.playground; sourceTree = "<group>"; };
		EBC2F5571C3C06E7007E53D1 /* ResultTypeTests.swift */ = {isa = PBXFileReference; fileEncoding = 4; lastKnownFileType = sourcecode.swift; path = ResultTypeTests.swift; sourceTree = "<group>"; };
		EBC31B241C3C2BAC00E00E38 /* Dictionary.swift */ = {isa = PBXFileReference; fileEncoding = 4; lastKnownFileType = sourcecode.swift; path = Dictionary.swift; sourceTree = "<group>"; };
		EBC31B271C3C2BED00E00E38 /* DefaultHeadersRequestInterceptorTests.swift */ = {isa = PBXFileReference; fileEncoding = 4; lastKnownFileType = sourcecode.swift; path = DefaultHeadersRequestInterceptorTests.swift; sourceTree = "<group>"; };
		EBD0EEEE1C3E7E8900609A25 /* ThumbnailDTOTests.swift */ = {isa = PBXFileReference; fileEncoding = 4; lastKnownFileType = sourcecode.swift; path = ThumbnailDTOTests.swift; sourceTree = "<group>"; };
		EBD0EEF21C3E844100609A25 /* SeriesAPIClient.swift */ = {isa = PBXFileReference; fileEncoding = 4; lastKnownFileType = sourcecode.swift; path = SeriesAPIClient.swift; sourceTree = "<group>"; };
		EBD0EEF61C3E866700609A25 /* GetSeriesDTO.swift */ = {isa = PBXFileReference; fileEncoding = 4; lastKnownFileType = sourcecode.swift; path = GetSeriesDTO.swift; sourceTree = "<group>"; };
		EBD0EEF81C3E868600609A25 /* SeriesDTO.swift */ = {isa = PBXFileReference; fileEncoding = 4; lastKnownFileType = sourcecode.swift; path = SeriesDTO.swift; sourceTree = "<group>"; };
		EBD0EEFA1C3E869900609A25 /* SeriesParser.swift */ = {isa = PBXFileReference; fileEncoding = 4; lastKnownFileType = sourcecode.swift; path = SeriesParser.swift; sourceTree = "<group>"; };
		EBD0EEFC1C3E8CD500609A25 /* getAllSeries.json */ = {isa = PBXFileReference; fileEncoding = 4; lastKnownFileType = text.json; path = getAllSeries.json; sourceTree = "<group>"; };
		EBD0EEFF1C3E8D8E00609A25 /* SeriesAPIClientTests.swift */ = {isa = PBXFileReference; fileEncoding = 4; lastKnownFileType = sourcecode.swift; path = SeriesAPIClientTests.swift; sourceTree = "<group>"; };
		EBD0EF011C3E8DB500609A25 /* MarvelAPIClientTests.swift */ = {isa = PBXFileReference; fileEncoding = 4; lastKnownFileType = sourcecode.swift; path = MarvelAPIClientTests.swift; sourceTree = "<group>"; };
		EBE2C3B31C3E9A970096A24C /* getComicsBySeriesId.json */ = {isa = PBXFileReference; fileEncoding = 4; lastKnownFileType = text.json; path = getComicsBySeriesId.json; sourceTree = "<group>"; };
		EBE9B35C1BFA38AA00A63A90 /* getCharacterById.json */ = {isa = PBXFileReference; fileEncoding = 4; lastKnownFileType = text.json; path = getCharacterById.json; sourceTree = "<group>"; };
/* End PBXFileReference section */

/* Begin PBXFrameworksBuildPhase section */
		EB52A0C11BF4EBBA00AE003E /* Frameworks */ = {
			isa = PBXFrameworksBuildPhase;
			buildActionMask = 2147483647;
			files = (
				D7FD9DE320847476E11FCFB5 /* Pods_MarvelAPIClient.framework in Frameworks */,
			);
			runOnlyForDeploymentPostprocessing = 0;
		};
		EB52A0CC1BF4EBBA00AE003E /* Frameworks */ = {
			isa = PBXFrameworksBuildPhase;
			buildActionMask = 2147483647;
			files = (
				EB52A0D01BF4EBBA00AE003E /* MarvelAPIClient.framework in Frameworks */,
				6BBA77FA3B7561792D22F7A6 /* Pods_MarvelAPIClientTests.framework in Frameworks */,
			);
			runOnlyForDeploymentPostprocessing = 0;
		};
/* End PBXFrameworksBuildPhase section */

/* Begin PBXGroup section */
		157E4918A2205A6275D8BA54 /* Pods */ = {
			isa = PBXGroup;
			children = (
				839C61991965AEDBE3B61885 /* Pods-MarvelAPIClient.debug.xcconfig */,
				075E19274028A2BC428E6EF2 /* Pods-MarvelAPIClient.release.xcconfig */,
				A8A15C6DFC4ADE047B53F274 /* Pods-MarvelAPIClientTests.debug.xcconfig */,
				9E69741FA12CB9150140349E /* Pods-MarvelAPIClientTests.release.xcconfig */,
			);
			name = Pods;
			sourceTree = "<group>";
		};
		DB02E9A052F75F3F53E7D9AC /* Frameworks */ = {
			isa = PBXGroup;
			children = (
				B1912EE03B21457D3F69B1FF /* Pods.framework */,
				77E1DF174667DB8843E0A89E /* Pods_MarvelAPIClient.framework */,
				9776E54634DB16570497ABC3 /* Pods_MarvelAPIClientTests.framework */,
			);
			name = Frameworks;
			sourceTree = "<group>";
		};
		EB29E00B1BF9CCAE00170355 /* Parser */ = {
			isa = PBXGroup;
			children = (
				EB29E00C1BF9CD0300170355 /* Parser.swift */,
			);
			name = Parser;
			sourceTree = "<group>";
		};
		EB29E00E1BF9CE1A00170355 /* Parser */ = {
			isa = PBXGroup;
			children = (
				EB29E0111BF9CE4F00170355 /* CharactersParser.swift */,
			);
			name = Parser;
			sourceTree = "<group>";
		};
		EB29E01E1BF9DF2200170355 /* DTOs */ = {
			isa = PBXGroup;
			children = (
				EB29E00F1BF9CE3000170355 /* GetCharactersDTO.swift */,
				EBAFE1D21BF782A600591AEA /* CharacterDTO.swift */,
				EB29E0191BF9DE8C00170355 /* SerieDTO.swift */,
				EB29E0171BF9DD6700170355 /* ComicDTO.swift */,
				EB29E01C1BF9DEDE00170355 /* StoryDTO.swift */,
				EB29E01F1BF9EA7A00170355 /* EventDTO.swift */,
			);
			name = DTOs;
			sourceTree = "<group>";
		};
		EB39731A1C3ACB8300AF37CD /* Interceptors */ = {
			isa = PBXGroup;
			children = (
				EB39731C1C3ACBA300AF37CD /* DefaultHeadersRequestInterceptor.swift */,
			);
			name = Interceptors;
			sourceTree = "<group>";
		};
		EB52A0BB1BF4EBBA00AE003E = {
			isa = PBXGroup;
			children = (
				EBC2F5551C3BDCFC007E53D1 /* MarvelAPIClientPlayground.playground */,
				EB52A0C71BF4EBBA00AE003E /* MarvelAPIClient */,
				EB52A0D31BF4EBBA00AE003E /* MarvelAPIClientTests */,
				EB52A0C61BF4EBBA00AE003E /* Products */,
				DB02E9A052F75F3F53E7D9AC /* Frameworks */,
				157E4918A2205A6275D8BA54 /* Pods */,
			);
			sourceTree = "<group>";
		};
		EB52A0C61BF4EBBA00AE003E /* Products */ = {
			isa = PBXGroup;
			children = (
				EB52A0C51BF4EBBA00AE003E /* MarvelAPIClient.framework */,
				EB52A0CF1BF4EBBA00AE003E /* MarvelAPIClient.temp_caseinsensitive_renameTests.xctest */,
			);
			name = Products;
			sourceTree = "<group>";
		};
		EB52A0C71BF4EBBA00AE003E /* MarvelAPIClient */ = {
			isa = PBXGroup;
			children = (
				EBB480F81C3BCFC30087CC62 /* Extensions */,
				EBAFE1F51BF7BAC900591AEA /* Time */,
				EBAFE1EC1BF7A0FA00591AEA /* Base */,
				EB39731A1C3ACB8300AF37CD /* Interceptors */,
				EBAFE1E61BF79D5300591AEA /* Authentication */,
				EB29E00B1BF9CCAE00170355 /* Parser */,
				EBAFE1CD1BF7810600591AEA /* Characters */,
				EBD0EEF11C3E842D00609A25 /* Series */,
				EBD0EEEC1C3E7D5700609A25 /* Images */,
				EB52A0C81BF4EBBA00AE003E /* MarvelAPIClient.h */,
				EB52A0CA1BF4EBBA00AE003E /* Info.plist */,
				EBAFE1D01BF7813600591AEA /* MarvelAPIClient.swift */,
				EB49E0C41BF7ED4B00C53347 /* MarvelAPIClientConfig.swift */,
			);
			name = MarvelAPIClient;
			path = MarvelApiClient;
			sourceTree = "<group>";
		};
		EB52A0D31BF4EBBA00AE003E /* MarvelAPIClientTests */ = {
			isa = PBXGroup;
			children = (
				EBC2F5561C3C06D6007E53D1 /* Extensions */,
				EBC31B261C3C2BDF00E00E38 /* Interceptors */,
				EBAFE1FB1BF7C26200591AEA /* Matchers */,
				EBAFE1F81BF7BB3D00591AEA /* Doubles */,
				EBAFE1E91BF79E8200591AEA /* Authentication */,
				EBAFE1D41BF783EF00591AEA /* Characters */,
				EBD0EEFE1C3E8D7C00609A25 /* Series */,
				EBD0EEED1C3E7E7200609A25 /* Images */,
				EBAEB4BD1BFA16B400547FC1 /* Json */,
				EB52A0D61BF4EBBA00AE003E /* Info.plist */,
				EBAFE1FE1BF7C30000591AEA /* NocillaTestCase.swift */,
				EBD0EF011C3E8DB500609A25 /* MarvelAPIClientTests.swift */,
			);
			name = MarvelAPIClientTests;
			path = MarvelApiClientTests;
			sourceTree = "<group>";
		};
		EBAEB4BD1BFA16B400547FC1 /* Json */ = {
			isa = PBXGroup;
			children = (
				EBAEB4BE1BFA16CF00547FC1 /* getAllCharacters.json */,
				EBE9B35C1BFA38AA00A63A90 /* getCharacterById.json */,
				EBD0EEFC1C3E8CD500609A25 /* getAllSeries.json */,
				EBE2C3B31C3E9A970096A24C /* getComicsBySeriesId.json */,
			);
			name = Json;
			sourceTree = "<group>";
		};
		EBAFE1CD1BF7810600591AEA /* Characters */ = {
			isa = PBXGroup;
			children = (
				EBAFE1CE1BF7812000591AEA /* CharactersAPIClient.swift */,
				EB29E01E1BF9DF2200170355 /* DTOs */,
				EB29E00E1BF9CE1A00170355 /* Parser */,
			);
			name = Characters;
			sourceTree = "<group>";
		};
		EBAFE1D41BF783EF00591AEA /* Characters */ = {
			isa = PBXGroup;
			children = (
				EBAFE1D51BF783FD00591AEA /* CharactersAPIClientTests.swift */,
			);
			name = Characters;
			sourceTree = "<group>";
		};
		EBAFE1E61BF79D5300591AEA /* Authentication */ = {
			isa = PBXGroup;
			children = (
				EBAFE1E71BF79D9400591AEA /* MarvelHashGenerator.swift */,
				EB39731E1C3ACBF400AF37CD /* MarvelAPIAuthentication.swift */,
			);
			name = Authentication;
			sourceTree = "<group>";
		};
		EBAFE1E91BF79E8200591AEA /* Authentication */ = {
			isa = PBXGroup;
			children = (
				EBAFE1EA1BF79E8E00591AEA /* MarvelHashGeneratorTests.swift */,
			);
			name = Authentication;
			sourceTree = "<group>";
		};
		EBAFE1EC1BF7A0FA00591AEA /* Base */ = {
			isa = PBXGroup;
			children = (
				EB29E0211BF9EC1800170355 /* MarvelAPIParams.swift */,
			);
			name = Base;
			sourceTree = "<group>";
		};
		EBAFE1F51BF7BAC900591AEA /* Time */ = {
			isa = PBXGroup;
			children = (
				EBAFE1F61BF7BAD400591AEA /* TimeProvider.swift */,
			);
			name = Time;
			sourceTree = "<group>";
		};
		EBAFE1F81BF7BB3D00591AEA /* Doubles */ = {
			isa = PBXGroup;
			children = (
				EBAFE1F91BF7BC6000591AEA /* MockTimeProvider.swift */,
			);
			name = Doubles;
			sourceTree = "<group>";
		};
		EBAFE1FB1BF7C26200591AEA /* Matchers */ = {
			isa = PBXGroup;
			children = (
				EBAFE1FC1BF7C26F00591AEA /* FutureMatchers.swift */,
			);
			name = Matchers;
			sourceTree = "<group>";
		};
		EBB480F81C3BCFC30087CC62 /* Extensions */ = {
			isa = PBXGroup;
			children = (
				EBB480F91C3BCFD40087CC62 /* ResultType.swift */,
				EBC31B241C3C2BAC00E00E38 /* Dictionary.swift */,
			);
			name = Extensions;
			sourceTree = "<group>";
		};
		EBC2F5561C3C06D6007E53D1 /* Extensions */ = {
			isa = PBXGroup;
			children = (
				EBC2F5571C3C06E7007E53D1 /* ResultTypeTests.swift */,
			);
			name = Extensions;
			sourceTree = "<group>";
		};
		EBC31B261C3C2BDF00E00E38 /* Interceptors */ = {
			isa = PBXGroup;
			children = (
				EBC31B271C3C2BED00E00E38 /* DefaultHeadersRequestInterceptorTests.swift */,
			);
			name = Interceptors;
			sourceTree = "<group>";
		};
		EBD0EEEC1C3E7D5700609A25 /* Images */ = {
			isa = PBXGroup;
			children = (
				EB29E0151BF9DCAF00170355 /* ThumbnailDTO.swift */,
			);
			name = Images;
			sourceTree = "<group>";
		};
		EBD0EEED1C3E7E7200609A25 /* Images */ = {
			isa = PBXGroup;
			children = (
				EBD0EEEE1C3E7E8900609A25 /* ThumbnailDTOTests.swift */,
			);
			name = Images;
			sourceTree = "<group>";
		};
		EBD0EEF11C3E842D00609A25 /* Series */ = {
			isa = PBXGroup;
			children = (
				EBD0EEF21C3E844100609A25 /* SeriesAPIClient.swift */,
				EBD0EEF41C3E844600609A25 /* DTOs */,
				EBD0EEF51C3E844E00609A25 /* Parser */,
			);
			name = Series;
			sourceTree = "<group>";
		};
		EBD0EEF41C3E844600609A25 /* DTOs */ = {
			isa = PBXGroup;
			children = (
				EBD0EEF61C3E866700609A25 /* GetSeriesDTO.swift */,
				EBD0EEF81C3E868600609A25 /* SeriesDTO.swift */,
				EB5123921C3E96F2001EC70B /* GetComicsDTO.swift */,
				EB5123941C3E9770001EC70B /* ComicDetailDTO.swift */,
			);
			name = DTOs;
			sourceTree = "<group>";
		};
		EBD0EEF51C3E844E00609A25 /* Parser */ = {
			isa = PBXGroup;
			children = (
				EBD0EEFA1C3E869900609A25 /* SeriesParser.swift */,
			);
			name = Parser;
			sourceTree = "<group>";
		};
		EBD0EEFE1C3E8D7C00609A25 /* Series */ = {
			isa = PBXGroup;
			children = (
				EBD0EEFF1C3E8D8E00609A25 /* SeriesAPIClientTests.swift */,
			);
			name = Series;
			sourceTree = "<group>";
		};
/* End PBXGroup section */

/* Begin PBXHeadersBuildPhase section */
		EB52A0C21BF4EBBA00AE003E /* Headers */ = {
			isa = PBXHeadersBuildPhase;
			buildActionMask = 2147483647;
			files = (
				EB52A0C91BF4EBBA00AE003E /* MarvelAPIClient.h in Headers */,
			);
			runOnlyForDeploymentPostprocessing = 0;
		};
/* End PBXHeadersBuildPhase section */

/* Begin PBXNativeTarget section */
		EB52A0C41BF4EBBA00AE003E /* MarvelAPIClient */ = {
			isa = PBXNativeTarget;
			buildConfigurationList = EB52A0D91BF4EBBA00AE003E /* Build configuration list for PBXNativeTarget "MarvelAPIClient" */;
			buildPhases = (
				9647F230FAD62BE048EE59D2 /* [CP] Check Pods Manifest.lock */,
				EB52A0C01BF4EBBA00AE003E /* Sources */,
				EB52A0C11BF4EBBA00AE003E /* Frameworks */,
				EB52A0C21BF4EBBA00AE003E /* Headers */,
				EB52A0C31BF4EBBA00AE003E /* Resources */,
				B75BF1EBC1DE99AA7C9DDD90 /* [CP] Copy Pods Resources */,
			);
			buildRules = (
			);
			dependencies = (
			);
			name = MarvelAPIClient;
			productName = MarvelApiClient;
			productReference = EB52A0C51BF4EBBA00AE003E /* MarvelAPIClient.framework */;
			productType = "com.apple.product-type.framework";
		};
		EB52A0CE1BF4EBBA00AE003E /* MarvelAPIClientTests */ = {
			isa = PBXNativeTarget;
			buildConfigurationList = EB52A0DC1BF4EBBA00AE003E /* Build configuration list for PBXNativeTarget "MarvelAPIClientTests" */;
			buildPhases = (
				C6662ABF4772A031CF8DDDA6 /* [CP] Check Pods Manifest.lock */,
				EB52A0CB1BF4EBBA00AE003E /* Sources */,
				EB52A0CC1BF4EBBA00AE003E /* Frameworks */,
				EB52A0CD1BF4EBBA00AE003E /* Resources */,
				05D209FE4832C2C9B56705B9 /* [CP] Embed Pods Frameworks */,
				F49B97A64B82C7E212F92B42 /* [CP] Copy Pods Resources */,
			);
			buildRules = (
			);
			dependencies = (
				EB52A0D21BF4EBBA00AE003E /* PBXTargetDependency */,
			);
			name = MarvelAPIClientTests;
			productName = MarvelApiClientTests;
			productReference = EB52A0CF1BF4EBBA00AE003E /* MarvelAPIClient.temp_caseinsensitive_renameTests.xctest */;
			productType = "com.apple.product-type.bundle.unit-test";
		};
/* End PBXNativeTarget section */

/* Begin PBXProject section */
		EB52A0BC1BF4EBBA00AE003E /* Project object */ = {
			isa = PBXProject;
			attributes = {
				LastSwiftUpdateCheck = 0710;
				LastUpgradeCheck = 0820;
				ORGANIZATIONNAME = "GoKarumi S.L.";
				TargetAttributes = {
					EB52A0C41BF4EBBA00AE003E = {
						CreatedOnToolsVersion = 7.1.1;
					};
					EB52A0CE1BF4EBBA00AE003E = {
						CreatedOnToolsVersion = 7.1.1;
					};
				};
			};
			buildConfigurationList = EB52A0BF1BF4EBBA00AE003E /* Build configuration list for PBXProject "MarvelApiClient" */;
			compatibilityVersion = "Xcode 3.2";
			developmentRegion = English;
			hasScannedForEncodings = 0;
			knownRegions = (
				en,
			);
			mainGroup = EB52A0BB1BF4EBBA00AE003E;
			productRefGroup = EB52A0C61BF4EBBA00AE003E /* Products */;
			projectDirPath = "";
			projectRoot = "";
			targets = (
				EB52A0C41BF4EBBA00AE003E /* MarvelAPIClient */,
				EB52A0CE1BF4EBBA00AE003E /* MarvelAPIClientTests */,
			);
		};
/* End PBXProject section */

/* Begin PBXResourcesBuildPhase section */
		EB52A0C31BF4EBBA00AE003E /* Resources */ = {
			isa = PBXResourcesBuildPhase;
			buildActionMask = 2147483647;
			files = (
			);
			runOnlyForDeploymentPostprocessing = 0;
		};
		EB52A0CD1BF4EBBA00AE003E /* Resources */ = {
			isa = PBXResourcesBuildPhase;
			buildActionMask = 2147483647;
			files = (
				EBE9B35D1BFA38AA00A63A90 /* getCharacterById.json in Resources */,
				EBE2C3B41C3E9A970096A24C /* getComicsBySeriesId.json in Resources */,
				EBAEB4BF1BFA16CF00547FC1 /* getAllCharacters.json in Resources */,
				EB5123871C3E927E001EC70B /* getAllSeries.json in Resources */,
			);
			runOnlyForDeploymentPostprocessing = 0;
		};
/* End PBXResourcesBuildPhase section */

/* Begin PBXShellScriptBuildPhase section */
		05D209FE4832C2C9B56705B9 /* [CP] Embed Pods Frameworks */ = {
			isa = PBXShellScriptBuildPhase;
			buildActionMask = 2147483647;
			files = (
			);
			inputPaths = (
				"${SRCROOT}/Pods/Target Support Files/Pods-MarvelAPIClientTests/Pods-MarvelAPIClientTests-frameworks.sh",
				"${BUILT_PRODUCTS_DIR}/BothamNetworking/BothamNetworking.framework",
				"${BUILT_PRODUCTS_DIR}/CryptoSwift/CryptoSwift.framework",
				"${BUILT_PRODUCTS_DIR}/Result/Result.framework",
				"${BUILT_PRODUCTS_DIR}/SwiftyJSON/SwiftyJSON.framework",
				"${BUILT_PRODUCTS_DIR}/Nimble/Nimble.framework",
				"${BUILT_PRODUCTS_DIR}/Nocilla/Nocilla.framework",
			);
			name = "[CP] Embed Pods Frameworks";
			outputPaths = (
				"${TARGET_BUILD_DIR}/${FRAMEWORKS_FOLDER_PATH}/BothamNetworking.framework",
				"${TARGET_BUILD_DIR}/${FRAMEWORKS_FOLDER_PATH}/CryptoSwift.framework",
				"${TARGET_BUILD_DIR}/${FRAMEWORKS_FOLDER_PATH}/Result.framework",
				"${TARGET_BUILD_DIR}/${FRAMEWORKS_FOLDER_PATH}/SwiftyJSON.framework",
				"${TARGET_BUILD_DIR}/${FRAMEWORKS_FOLDER_PATH}/Nimble.framework",
				"${TARGET_BUILD_DIR}/${FRAMEWORKS_FOLDER_PATH}/Nocilla.framework",
			);
			runOnlyForDeploymentPostprocessing = 0;
			shellPath = /bin/sh;
			shellScript = "\"${SRCROOT}/Pods/Target Support Files/Pods-MarvelAPIClientTests/Pods-MarvelAPIClientTests-frameworks.sh\"\n";
			showEnvVarsInLog = 0;
		};
		9647F230FAD62BE048EE59D2 /* [CP] Check Pods Manifest.lock */ = {
			isa = PBXShellScriptBuildPhase;
			buildActionMask = 2147483647;
			files = (
			);
			inputPaths = (
				"${PODS_PODFILE_DIR_PATH}/Podfile.lock",
				"${PODS_ROOT}/Manifest.lock",
			);
			name = "[CP] Check Pods Manifest.lock";
			outputPaths = (
				"$(DERIVED_FILE_DIR)/Pods-MarvelAPIClient-checkManifestLockResult.txt",
			);
			runOnlyForDeploymentPostprocessing = 0;
			shellPath = /bin/sh;
			shellScript = "diff \"${PODS_PODFILE_DIR_PATH}/Podfile.lock\" \"${PODS_ROOT}/Manifest.lock\" > /dev/null\nif [ $? != 0 ] ; then\n    # print error to STDERR\n    echo \"error: The sandbox is not in sync with the Podfile.lock. Run 'pod install' or update your CocoaPods installation.\" >&2\n    exit 1\nfi\n# This output is used by Xcode 'outputs' to avoid re-running this script phase.\necho \"SUCCESS\" > \"${SCRIPT_OUTPUT_FILE_0}\"\n";
			showEnvVarsInLog = 0;
		};
		B75BF1EBC1DE99AA7C9DDD90 /* [CP] Copy Pods Resources */ = {
			isa = PBXShellScriptBuildPhase;
			buildActionMask = 2147483647;
			files = (
			);
			inputPaths = (
			);
			name = "[CP] Copy Pods Resources";
			outputPaths = (
			);
			runOnlyForDeploymentPostprocessing = 0;
			shellPath = /bin/sh;
			shellScript = "\"${SRCROOT}/Pods/Target Support Files/Pods-MarvelAPIClient/Pods-MarvelAPIClient-resources.sh\"\n";
			showEnvVarsInLog = 0;
		};
		C6662ABF4772A031CF8DDDA6 /* [CP] Check Pods Manifest.lock */ = {
			isa = PBXShellScriptBuildPhase;
			buildActionMask = 2147483647;
			files = (
			);
			inputPaths = (
				"${PODS_PODFILE_DIR_PATH}/Podfile.lock",
				"${PODS_ROOT}/Manifest.lock",
			);
			name = "[CP] Check Pods Manifest.lock";
			outputPaths = (
				"$(DERIVED_FILE_DIR)/Pods-MarvelAPIClientTests-checkManifestLockResult.txt",
			);
			runOnlyForDeploymentPostprocessing = 0;
			shellPath = /bin/sh;
			shellScript = "diff \"${PODS_PODFILE_DIR_PATH}/Podfile.lock\" \"${PODS_ROOT}/Manifest.lock\" > /dev/null\nif [ $? != 0 ] ; then\n    # print error to STDERR\n    echo \"error: The sandbox is not in sync with the Podfile.lock. Run 'pod install' or update your CocoaPods installation.\" >&2\n    exit 1\nfi\n# This output is used by Xcode 'outputs' to avoid re-running this script phase.\necho \"SUCCESS\" > \"${SCRIPT_OUTPUT_FILE_0}\"\n";
			showEnvVarsInLog = 0;
		};
		F49B97A64B82C7E212F92B42 /* [CP] Copy Pods Resources */ = {
			isa = PBXShellScriptBuildPhase;
			buildActionMask = 2147483647;
			files = (
			);
			inputPaths = (
			);
			name = "[CP] Copy Pods Resources";
			outputPaths = (
			);
			runOnlyForDeploymentPostprocessing = 0;
			shellPath = /bin/sh;
			shellScript = "\"${SRCROOT}/Pods/Target Support Files/Pods-MarvelAPIClientTests/Pods-MarvelAPIClientTests-resources.sh\"\n";
			showEnvVarsInLog = 0;
		};
/* End PBXShellScriptBuildPhase section */

/* Begin PBXSourcesBuildPhase section */
		EB52A0C01BF4EBBA00AE003E /* Sources */ = {
			isa = PBXSourcesBuildPhase;
			buildActionMask = 2147483647;
			files = (
				EBD0EEF31C3E844100609A25 /* SeriesAPIClient.swift in Sources */,
				EBB480FA1C3BCFD40087CC62 /* ResultType.swift in Sources */,
				EBD0EEF91C3E868600609A25 /* SeriesDTO.swift in Sources */,
				EB29E0221BF9EC1800170355 /* MarvelAPIParams.swift in Sources */,
				EBD0EEFB1C3E869900609A25 /* SeriesParser.swift in Sources */,
				EBC31B251C3C2BAC00E00E38 /* Dictionary.swift in Sources */,
				EB29E01A1BF9DE8C00170355 /* SerieDTO.swift in Sources */,
				EB39731F1C3ACBF400AF37CD /* MarvelAPIAuthentication.swift in Sources */,
				EB29E0161BF9DCAF00170355 /* ThumbnailDTO.swift in Sources */,
				EBAFE1F71BF7BAD400591AEA /* TimeProvider.swift in Sources */,
				EB5123931C3E96F2001EC70B /* GetComicsDTO.swift in Sources */,
				EB29E00D1BF9CD0300170355 /* Parser.swift in Sources */,
				EBAFE1D11BF7813600591AEA /* MarvelAPIClient.swift in Sources */,
				EB49E0C51BF7ED4B00C53347 /* MarvelAPIClientConfig.swift in Sources */,
				EB5123951C3E9770001EC70B /* ComicDetailDTO.swift in Sources */,
				EBAFE1E81BF79D9400591AEA /* MarvelHashGenerator.swift in Sources */,
				EB29E0181BF9DD6700170355 /* ComicDTO.swift in Sources */,
				EBD0EEF71C3E866700609A25 /* GetSeriesDTO.swift in Sources */,
				EB29E0101BF9CE3000170355 /* GetCharactersDTO.swift in Sources */,
				EB39731D1C3ACBA300AF37CD /* DefaultHeadersRequestInterceptor.swift in Sources */,
				EB29E01D1BF9DEDE00170355 /* StoryDTO.swift in Sources */,
				EBAFE1D31BF782A600591AEA /* CharacterDTO.swift in Sources */,
				EB29E0201BF9EA7A00170355 /* EventDTO.swift in Sources */,
				EB29E0121BF9CE4F00170355 /* CharactersParser.swift in Sources */,
				EBAFE1CF1BF7812000591AEA /* CharactersAPIClient.swift in Sources */,
			);
			runOnlyForDeploymentPostprocessing = 0;
		};
		EB52A0CB1BF4EBBA00AE003E /* Sources */ = {
			isa = PBXSourcesBuildPhase;
			buildActionMask = 2147483647;
			files = (
				EBD0EF031C3E8E2000609A25 /* MarvelAPIClientTests.swift in Sources */,
				EBD0EEF01C3E7F9300609A25 /* ThumbnailDTOTests.swift in Sources */,
				EBC31B291C3C2BF800E00E38 /* DefaultHeadersRequestInterceptorTests.swift in Sources */,
				EBAFE1FF1BF7C30000591AEA /* NocillaTestCase.swift in Sources */,
				EBAFE1FA1BF7BC6000591AEA /* MockTimeProvider.swift in Sources */,
				EBC2F5591C3C08AE007E53D1 /* ResultTypeTests.swift in Sources */,
				EBD0EF041C3E8E5700609A25 /* SeriesAPIClientTests.swift in Sources */,
				EBAFE1EB1BF79E8E00591AEA /* MarvelHashGeneratorTests.swift in Sources */,
				EBAFE1D61BF783FD00591AEA /* CharactersAPIClientTests.swift in Sources */,
				EBAFE1FD1BF7C26F00591AEA /* FutureMatchers.swift in Sources */,
			);
			runOnlyForDeploymentPostprocessing = 0;
		};
/* End PBXSourcesBuildPhase section */

/* Begin PBXTargetDependency section */
		EB52A0D21BF4EBBA00AE003E /* PBXTargetDependency */ = {
			isa = PBXTargetDependency;
			target = EB52A0C41BF4EBBA00AE003E /* MarvelAPIClient */;
			targetProxy = EB52A0D11BF4EBBA00AE003E /* PBXContainerItemProxy */;
		};
/* End PBXTargetDependency section */

/* Begin XCBuildConfiguration section */
		EB52A0D71BF4EBBA00AE003E /* Debug */ = {
			isa = XCBuildConfiguration;
			buildSettings = {
				ALWAYS_SEARCH_USER_PATHS = NO;
				CLANG_CXX_LANGUAGE_STANDARD = "gnu++0x";
				CLANG_CXX_LIBRARY = "libc++";
				CLANG_ENABLE_MODULES = YES;
				CLANG_ENABLE_OBJC_ARC = YES;
				CLANG_WARN_BOOL_CONVERSION = YES;
				CLANG_WARN_CONSTANT_CONVERSION = YES;
				CLANG_WARN_DIRECT_OBJC_ISA_USAGE = YES_ERROR;
				CLANG_WARN_EMPTY_BODY = YES;
				CLANG_WARN_ENUM_CONVERSION = YES;
				CLANG_WARN_INFINITE_RECURSION = YES;
				CLANG_WARN_INT_CONVERSION = YES;
				CLANG_WARN_OBJC_ROOT_CLASS = YES_ERROR;
				CLANG_WARN_SUSPICIOUS_MOVE = YES;
				CLANG_WARN_UNREACHABLE_CODE = YES;
				CLANG_WARN__DUPLICATE_METHOD_MATCH = YES;
				"CODE_SIGN_IDENTITY[sdk=iphoneos*]" = "iPhone Developer";
				COPY_PHASE_STRIP = NO;
				CURRENT_PROJECT_VERSION = 1;
				DEBUG_INFORMATION_FORMAT = dwarf;
				ENABLE_STRICT_OBJC_MSGSEND = YES;
				ENABLE_TESTABILITY = YES;
				GCC_C_LANGUAGE_STANDARD = gnu99;
				GCC_DYNAMIC_NO_PIC = NO;
				GCC_NO_COMMON_BLOCKS = YES;
				GCC_OPTIMIZATION_LEVEL = 0;
				GCC_PREPROCESSOR_DEFINITIONS = (
					"DEBUG=1",
					"$(inherited)",
				);
				GCC_WARN_64_TO_32_BIT_CONVERSION = YES;
				GCC_WARN_ABOUT_RETURN_TYPE = YES_ERROR;
				GCC_WARN_UNDECLARED_SELECTOR = YES;
				GCC_WARN_UNINITIALIZED_AUTOS = YES_AGGRESSIVE;
				GCC_WARN_UNUSED_FUNCTION = YES;
				GCC_WARN_UNUSED_VARIABLE = YES;
				IPHONEOS_DEPLOYMENT_TARGET = 9.1;
				MTL_ENABLE_DEBUG_INFO = YES;
				ONLY_ACTIVE_ARCH = YES;
				SDKROOT = iphoneos;
				SWIFT_OPTIMIZATION_LEVEL = "-Onone";
				SWIFT_VERSION = 4.0;
				TARGETED_DEVICE_FAMILY = "1,2";
				VERSIONING_SYSTEM = "apple-generic";
				VERSION_INFO_PREFIX = "";
			};
			name = Debug;
		};
		EB52A0D81BF4EBBA00AE003E /* Release */ = {
			isa = XCBuildConfiguration;
			buildSettings = {
				ALWAYS_SEARCH_USER_PATHS = NO;
				CLANG_CXX_LANGUAGE_STANDARD = "gnu++0x";
				CLANG_CXX_LIBRARY = "libc++";
				CLANG_ENABLE_MODULES = YES;
				CLANG_ENABLE_OBJC_ARC = YES;
				CLANG_WARN_BOOL_CONVERSION = YES;
				CLANG_WARN_CONSTANT_CONVERSION = YES;
				CLANG_WARN_DIRECT_OBJC_ISA_USAGE = YES_ERROR;
				CLANG_WARN_EMPTY_BODY = YES;
				CLANG_WARN_ENUM_CONVERSION = YES;
				CLANG_WARN_INFINITE_RECURSION = YES;
				CLANG_WARN_INT_CONVERSION = YES;
				CLANG_WARN_OBJC_ROOT_CLASS = YES_ERROR;
				CLANG_WARN_SUSPICIOUS_MOVE = YES;
				CLANG_WARN_UNREACHABLE_CODE = YES;
				CLANG_WARN__DUPLICATE_METHOD_MATCH = YES;
				"CODE_SIGN_IDENTITY[sdk=iphoneos*]" = "iPhone Developer";
				COPY_PHASE_STRIP = NO;
				CURRENT_PROJECT_VERSION = 1;
				DEBUG_INFORMATION_FORMAT = "dwarf-with-dsym";
				ENABLE_NS_ASSERTIONS = NO;
				ENABLE_STRICT_OBJC_MSGSEND = YES;
				GCC_C_LANGUAGE_STANDARD = gnu99;
				GCC_NO_COMMON_BLOCKS = YES;
				GCC_WARN_64_TO_32_BIT_CONVERSION = YES;
				GCC_WARN_ABOUT_RETURN_TYPE = YES_ERROR;
				GCC_WARN_UNDECLARED_SELECTOR = YES;
				GCC_WARN_UNINITIALIZED_AUTOS = YES_AGGRESSIVE;
				GCC_WARN_UNUSED_FUNCTION = YES;
				GCC_WARN_UNUSED_VARIABLE = YES;
				IPHONEOS_DEPLOYMENT_TARGET = 9.1;
				MTL_ENABLE_DEBUG_INFO = NO;
				SDKROOT = iphoneos;
				SWIFT_OPTIMIZATION_LEVEL = "-Owholemodule";
				SWIFT_VERSION = 4.0;
				TARGETED_DEVICE_FAMILY = "1,2";
				VALIDATE_PRODUCT = YES;
				VERSIONING_SYSTEM = "apple-generic";
				VERSION_INFO_PREFIX = "";
			};
			name = Release;
		};
		EB52A0DA1BF4EBBA00AE003E /* Debug */ = {
			isa = XCBuildConfiguration;
			baseConfigurationReference = 839C61991965AEDBE3B61885 /* Pods-MarvelAPIClient.debug.xcconfig */;
			buildSettings = {
				CLANG_ENABLE_MODULES = YES;
				"CODE_SIGN_IDENTITY[sdk=iphoneos*]" = "";
				DEFINES_MODULE = YES;
				DYLIB_COMPATIBILITY_VERSION = 1;
				DYLIB_CURRENT_VERSION = 1;
				DYLIB_INSTALL_NAME_BASE = "@rpath";
				INFOPLIST_FILE = MarvelApiClient/Info.plist;
				INSTALL_PATH = "$(LOCAL_LIBRARY_DIR)/Frameworks";
				LD_RUNPATH_SEARCH_PATHS = "$(inherited) @executable_path/Frameworks @loader_path/Frameworks";
				PRODUCT_BUNDLE_IDENTIFIER = com.karumi.marvelapiclient.MarvelApiClient;
				PRODUCT_NAME = "$(TARGET_NAME)";
				SKIP_INSTALL = YES;
				SWIFT_OPTIMIZATION_LEVEL = "-Onone";
			};
			name = Debug;
		};
		EB52A0DB1BF4EBBA00AE003E /* Release */ = {
			isa = XCBuildConfiguration;
			baseConfigurationReference = 075E19274028A2BC428E6EF2 /* Pods-MarvelAPIClient.release.xcconfig */;
			buildSettings = {
				CLANG_ENABLE_MODULES = YES;
				"CODE_SIGN_IDENTITY[sdk=iphoneos*]" = "";
				DEFINES_MODULE = YES;
				DYLIB_COMPATIBILITY_VERSION = 1;
				DYLIB_CURRENT_VERSION = 1;
				DYLIB_INSTALL_NAME_BASE = "@rpath";
				INFOPLIST_FILE = MarvelApiClient/Info.plist;
				INSTALL_PATH = "$(LOCAL_LIBRARY_DIR)/Frameworks";
				LD_RUNPATH_SEARCH_PATHS = "$(inherited) @executable_path/Frameworks @loader_path/Frameworks";
				PRODUCT_BUNDLE_IDENTIFIER = com.karumi.marvelapiclient.MarvelApiClient;
				PRODUCT_NAME = "$(TARGET_NAME)";
				SKIP_INSTALL = YES;
			};
			name = Release;
		};
		EB52A0DD1BF4EBBA00AE003E /* Debug */ = {
			isa = XCBuildConfiguration;
			baseConfigurationReference = A8A15C6DFC4ADE047B53F274 /* Pods-MarvelAPIClientTests.debug.xcconfig */;
			buildSettings = {
				ALWAYS_EMBED_SWIFT_STANDARD_LIBRARIES = YES;
				CLANG_ENABLE_MODULES = YES;
				INFOPLIST_FILE = MarvelApiClientTests/Info.plist;
				LD_RUNPATH_SEARCH_PATHS = "$(inherited) @executable_path/Frameworks @loader_path/Frameworks";
				PRODUCT_BUNDLE_IDENTIFIER = com.karumi.marvelapiclient.MarvelApiClientTests;
				PRODUCT_NAME = MarvelAPIClient.temp_caseinsensitive_renameTests;
				SWIFT_OPTIMIZATION_LEVEL = "-Onone";
			};
			name = Debug;
		};
		EB52A0DE1BF4EBBA00AE003E /* Release */ = {
			isa = XCBuildConfiguration;
			baseConfigurationReference = 9E69741FA12CB9150140349E /* Pods-MarvelAPIClientTests.release.xcconfig */;
			buildSettings = {
				ALWAYS_EMBED_SWIFT_STANDARD_LIBRARIES = YES;
				CLANG_ENABLE_MODULES = YES;
				INFOPLIST_FILE = MarvelApiClientTests/Info.plist;
				LD_RUNPATH_SEARCH_PATHS = "$(inherited) @executable_path/Frameworks @loader_path/Frameworks";
				PRODUCT_BUNDLE_IDENTIFIER = com.karumi.marvelapiclient.MarvelApiClientTests;
				PRODUCT_NAME = MarvelAPIClient.temp_caseinsensitive_renameTests;
			};
			name = Release;
		};
/* End XCBuildConfiguration section */

/* Begin XCConfigurationList section */
		EB52A0BF1BF4EBBA00AE003E /* Build configuration list for PBXProject "MarvelApiClient" */ = {
			isa = XCConfigurationList;
			buildConfigurations = (
				EB52A0D71BF4EBBA00AE003E /* Debug */,
				EB52A0D81BF4EBBA00AE003E /* Release */,
			);
			defaultConfigurationIsVisible = 0;
			defaultConfigurationName = Release;
		};
		EB52A0D91BF4EBBA00AE003E /* Build configuration list for PBXNativeTarget "MarvelAPIClient" */ = {
			isa = XCConfigurationList;
			buildConfigurations = (
				EB52A0DA1BF4EBBA00AE003E /* Debug */,
				EB52A0DB1BF4EBBA00AE003E /* Release */,
			);
			defaultConfigurationIsVisible = 0;
			defaultConfigurationName = Release;
		};
		EB52A0DC1BF4EBBA00AE003E /* Build configuration list for PBXNativeTarget "MarvelAPIClientTests" */ = {
			isa = XCConfigurationList;
			buildConfigurations = (
				EB52A0DD1BF4EBBA00AE003E /* Debug */,
				EB52A0DE1BF4EBBA00AE003E /* Release */,
			);
			defaultConfigurationIsVisible = 0;
			defaultConfigurationName = Release;
		};
/* End XCConfigurationList section */
	};
	rootObject = EB52A0BC1BF4EBBA00AE003E /* Project object */;
}
